
Microsoft Visual Studio Solution File, Format Version 12.00
# Visual Studio 15
VisualStudioVersion = 15.0.28307.960
MinimumVisualStudioVersion = 10.0.40219.1
Project("{FAE04EC0-301F-11D3-BF4B-00C04F79EFBC}") = "Z02_4_WF", "Z02_4_WF\Z02_4_WF.csproj", "{714592F2-E66F-47D7-B288-F0697B89EEFC}"
EndProject
Global
	GlobalSection(SolutionConfigurationPlatforms) = preSolution
		Debug|Any CPU = Debug|Any CPU
		Release|Any CPU = Release|Any CPU
	EndGlobalSection
	GlobalSection(ProjectConfigurationPlatforms) = postSolution
		{714592F2-E66F-47D7-B288-F0697B89EEFC}.Debug|Any CPU.ActiveCfg = Debug|Any CPU
		{714592F2-E66F-47D7-B288-F0697B89EEFC}.Debug|Any CPU.Build.0 = Debug|Any CPU
		{714592F2-E66F-47D7-B288-F0697B89EEFC}.Release|Any CPU.ActiveCfg = Release|Any CPU
		{714592F2-E66F-47D7-B288-F0697B89EEFC}.Release|Any CPU.Build.0 = Release|Any CPU
	EndGlobalSection
	GlobalSection(SolutionProperties) = preSolution
		HideSolutionNode = FALSE
	EndGlobalSection
	GlobalSection(ExtensibilityGlobals) = postSolution
		SolutionGuid = {9AC5ADDA-F600-43B7-90EC-DD881FE4FACE}
	EndGlobalSection
EndGlobal
