
Microsoft Visual Studio Solution File, Format Version 12.00
# Visual Studio 15
VisualStudioVersion = 15.0.28307.960
MinimumVisualStudioVersion = 10.0.40219.1
Project("{FAE04EC0-301F-11D3-BF4B-00C04F79EFBC}") = "Z06_2_WF", "Z06_2_WF\Z06_2_WF.csproj", "{1A6995F7-7EE8-4D45-9323-0D60BA20DC06}"
EndProject
Global
	GlobalSection(SolutionConfigurationPlatforms) = preSolution
		Debug|Any CPU = Debug|Any CPU
		Release|Any CPU = Release|Any CPU
	EndGlobalSection
	GlobalSection(ProjectConfigurationPlatforms) = postSolution
		{1A6995F7-7EE8-4D45-9323-0D60BA20DC06}.Debug|Any CPU.ActiveCfg = Debug|Any CPU
		{1A6995F7-7EE8-4D45-9323-0D60BA20DC06}.Debug|Any CPU.Build.0 = Debug|Any CPU
		{1A6995F7-7EE8-4D45-9323-0D60BA20DC06}.Release|Any CPU.ActiveCfg = Release|Any CPU
		{1A6995F7-7EE8-4D45-9323-0D60BA20DC06}.Release|Any CPU.Build.0 = Release|Any CPU
	EndGlobalSection
	GlobalSection(SolutionProperties) = preSolution
		HideSolutionNode = FALSE
	EndGlobalSection
	GlobalSection(ExtensibilityGlobals) = postSolution
		SolutionGuid = {797F8AC2-022E-4BDF-A1D9-56D5C521BDCE}
	EndGlobalSection
EndGlobal
