
Microsoft Visual Studio Solution File, Format Version 12.00
# Visual Studio 15
VisualStudioVersion = 15.0.28307.960
MinimumVisualStudioVersion = 10.0.40219.1
Project("{FAE04EC0-301F-11D3-BF4B-00C04F79EFBC}") = "Z07_2", "Z07_2\Z07_2.csproj", "{82C743CE-FF60-467E-91FA-54B87D1F402C}"
EndProject
Global
	GlobalSection(SolutionConfigurationPlatforms) = preSolution
		Debug|Any CPU = Debug|Any CPU
		Release|Any CPU = Release|Any CPU
	EndGlobalSection
	GlobalSection(ProjectConfigurationPlatforms) = postSolution
		{82C743CE-FF60-467E-91FA-54B87D1F402C}.Debug|Any CPU.ActiveCfg = Debug|Any CPU
		{82C743CE-FF60-467E-91FA-54B87D1F402C}.Debug|Any CPU.Build.0 = Debug|Any CPU
		{82C743CE-FF60-467E-91FA-54B87D1F402C}.Release|Any CPU.ActiveCfg = Release|Any CPU
		{82C743CE-FF60-467E-91FA-54B87D1F402C}.Release|Any CPU.Build.0 = Release|Any CPU
	EndGlobalSection
	GlobalSection(SolutionProperties) = preSolution
		HideSolutionNode = FALSE
	EndGlobalSection
	GlobalSection(ExtensibilityGlobals) = postSolution
		SolutionGuid = {FA17AEDC-7047-4D19-A0DE-250117F8FD74}
	EndGlobalSection
EndGlobal
