
Microsoft Visual Studio Solution File, Format Version 12.00
# Visual Studio 15
VisualStudioVersion = 15.0.28307.960
MinimumVisualStudioVersion = 10.0.40219.1
Project("{FAE04EC0-301F-11D3-BF4B-00C04F79EFBC}") = "Z02_3", "Z02_3\Z02_3.csproj", "{BC0E7222-BAC8-461B-9690-67A2C0092E6B}"
EndProject
Global
	GlobalSection(SolutionConfigurationPlatforms) = preSolution
		Debug|Any CPU = Debug|Any CPU
		Release|Any CPU = Release|Any CPU
	EndGlobalSection
	GlobalSection(ProjectConfigurationPlatforms) = postSolution
		{BC0E7222-BAC8-461B-9690-67A2C0092E6B}.Debug|Any CPU.ActiveCfg = Debug|Any CPU
		{BC0E7222-BAC8-461B-9690-67A2C0092E6B}.Debug|Any CPU.Build.0 = Debug|Any CPU
		{BC0E7222-BAC8-461B-9690-67A2C0092E6B}.Release|Any CPU.ActiveCfg = Release|Any CPU
		{BC0E7222-BAC8-461B-9690-67A2C0092E6B}.Release|Any CPU.Build.0 = Release|Any CPU
	EndGlobalSection
	GlobalSection(SolutionProperties) = preSolution
		HideSolutionNode = FALSE
	EndGlobalSection
	GlobalSection(ExtensibilityGlobals) = postSolution
		SolutionGuid = {313397CF-BDFE-443E-A620-FBC74B102A5D}
	EndGlobalSection
EndGlobal
