
Microsoft Visual Studio Solution File, Format Version 12.00
# Visual Studio 15
VisualStudioVersion = 15.0.28307.960
MinimumVisualStudioVersion = 10.0.40219.1
Project("{FAE04EC0-301F-11D3-BF4B-00C04F79EFBC}") = "Z11_1_WF", "Z11_1_WF\Z11_1_WF.csproj", "{2EC14456-6C85-48EB-86B0-6E15B87D5AD4}"
EndProject
Global
	GlobalSection(SolutionConfigurationPlatforms) = preSolution
		Debug|Any CPU = Debug|Any CPU
		Release|Any CPU = Release|Any CPU
	EndGlobalSection
	GlobalSection(ProjectConfigurationPlatforms) = postSolution
		{2EC14456-6C85-48EB-86B0-6E15B87D5AD4}.Debug|Any CPU.ActiveCfg = Debug|Any CPU
		{2EC14456-6C85-48EB-86B0-6E15B87D5AD4}.Debug|Any CPU.Build.0 = Debug|Any CPU
		{2EC14456-6C85-48EB-86B0-6E15B87D5AD4}.Release|Any CPU.ActiveCfg = Release|Any CPU
		{2EC14456-6C85-48EB-86B0-6E15B87D5AD4}.Release|Any CPU.Build.0 = Release|Any CPU
	EndGlobalSection
	GlobalSection(SolutionProperties) = preSolution
		HideSolutionNode = FALSE
	EndGlobalSection
	GlobalSection(ExtensibilityGlobals) = postSolution
		SolutionGuid = {8B25468D-9548-40FB-B6F2-672061142520}
	EndGlobalSection
EndGlobal
