
Microsoft Visual Studio Solution File, Format Version 12.00
# Visual Studio 15
VisualStudioVersion = 15.0.28307.960
MinimumVisualStudioVersion = 10.0.40219.1
Project("{FAE04EC0-301F-11D3-BF4B-00C04F79EFBC}") = "Z03_2", "Z03_2\Z03_2.csproj", "{EC2D5F16-D56B-4B8D-8244-4AB454ADEAF9}"
EndProject
Global
	GlobalSection(SolutionConfigurationPlatforms) = preSolution
		Debug|Any CPU = Debug|Any CPU
		Release|Any CPU = Release|Any CPU
	EndGlobalSection
	GlobalSection(ProjectConfigurationPlatforms) = postSolution
		{EC2D5F16-D56B-4B8D-8244-4AB454ADEAF9}.Debug|Any CPU.ActiveCfg = Debug|Any CPU
		{EC2D5F16-D56B-4B8D-8244-4AB454ADEAF9}.Debug|Any CPU.Build.0 = Debug|Any CPU
		{EC2D5F16-D56B-4B8D-8244-4AB454ADEAF9}.Release|Any CPU.ActiveCfg = Release|Any CPU
		{EC2D5F16-D56B-4B8D-8244-4AB454ADEAF9}.Release|Any CPU.Build.0 = Release|Any CPU
	EndGlobalSection
	GlobalSection(SolutionProperties) = preSolution
		HideSolutionNode = FALSE
	EndGlobalSection
	GlobalSection(ExtensibilityGlobals) = postSolution
		SolutionGuid = {C509A2C3-C697-426C-AB83-6CDA7C0A500E}
	EndGlobalSection
EndGlobal
