
Microsoft Visual Studio Solution File, Format Version 12.00
# Visual Studio 15
VisualStudioVersion = 15.0.28307.960
MinimumVisualStudioVersion = 10.0.40219.1
Project("{FAE04EC0-301F-11D3-BF4B-00C04F79EFBC}") = "Z09_2_WF", "Z09_2_WF\Z09_2_WF.csproj", "{C6648A34-465E-47EB-82E4-56015E5F564B}"
EndProject
Global
	GlobalSection(SolutionConfigurationPlatforms) = preSolution
		Debug|Any CPU = Debug|Any CPU
		Release|Any CPU = Release|Any CPU
	EndGlobalSection
	GlobalSection(ProjectConfigurationPlatforms) = postSolution
		{C6648A34-465E-47EB-82E4-56015E5F564B}.Debug|Any CPU.ActiveCfg = Debug|Any CPU
		{C6648A34-465E-47EB-82E4-56015E5F564B}.Debug|Any CPU.Build.0 = Debug|Any CPU
		{C6648A34-465E-47EB-82E4-56015E5F564B}.Release|Any CPU.ActiveCfg = Release|Any CPU
		{C6648A34-465E-47EB-82E4-56015E5F564B}.Release|Any CPU.Build.0 = Release|Any CPU
	EndGlobalSection
	GlobalSection(SolutionProperties) = preSolution
		HideSolutionNode = FALSE
	EndGlobalSection
	GlobalSection(ExtensibilityGlobals) = postSolution
		SolutionGuid = {105E3B8C-C42D-4972-AE6F-FECE7FA97365}
	EndGlobalSection
EndGlobal
