
Microsoft Visual Studio Solution File, Format Version 12.00
# Visual Studio 15
VisualStudioVersion = 15.0.28307.960
MinimumVisualStudioVersion = 10.0.40219.1
Project("{FAE04EC0-301F-11D3-BF4B-00C04F79EFBC}") = "Z10_1", "Z10_1\Z10_1.csproj", "{6C8A6611-B49F-48DC-A97B-44D42E1AFFF0}"
EndProject
Global
	GlobalSection(SolutionConfigurationPlatforms) = preSolution
		Debug|Any CPU = Debug|Any CPU
		Release|Any CPU = Release|Any CPU
	EndGlobalSection
	GlobalSection(ProjectConfigurationPlatforms) = postSolution
		{6C8A6611-B49F-48DC-A97B-44D42E1AFFF0}.Debug|Any CPU.ActiveCfg = Debug|Any CPU
		{6C8A6611-B49F-48DC-A97B-44D42E1AFFF0}.Debug|Any CPU.Build.0 = Debug|Any CPU
		{6C8A6611-B49F-48DC-A97B-44D42E1AFFF0}.Release|Any CPU.ActiveCfg = Release|Any CPU
		{6C8A6611-B49F-48DC-A97B-44D42E1AFFF0}.Release|Any CPU.Build.0 = Release|Any CPU
	EndGlobalSection
	GlobalSection(SolutionProperties) = preSolution
		HideSolutionNode = FALSE
	EndGlobalSection
	GlobalSection(ExtensibilityGlobals) = postSolution
		SolutionGuid = {1D56A7E2-A819-49C5-BB08-25D7B9E0CCA1}
	EndGlobalSection
EndGlobal
