
Microsoft Visual Studio Solution File, Format Version 12.00
# Visual Studio 15
VisualStudioVersion = 15.0.28307.960
MinimumVisualStudioVersion = 10.0.40219.1
Project("{FAE04EC0-301F-11D3-BF4B-00C04F79EFBC}") = "Z07_1_WF", "Z07_1_WF\Z07_1_WF.csproj", "{C16AFEDC-EC4F-47E7-A311-E319811EADC5}"
EndProject
Global
	GlobalSection(SolutionConfigurationPlatforms) = preSolution
		Debug|Any CPU = Debug|Any CPU
		Release|Any CPU = Release|Any CPU
	EndGlobalSection
	GlobalSection(ProjectConfigurationPlatforms) = postSolution
		{C16AFEDC-EC4F-47E7-A311-E319811EADC5}.Debug|Any CPU.ActiveCfg = Debug|Any CPU
		{C16AFEDC-EC4F-47E7-A311-E319811EADC5}.Debug|Any CPU.Build.0 = Debug|Any CPU
		{C16AFEDC-EC4F-47E7-A311-E319811EADC5}.Release|Any CPU.ActiveCfg = Release|Any CPU
		{C16AFEDC-EC4F-47E7-A311-E319811EADC5}.Release|Any CPU.Build.0 = Release|Any CPU
	EndGlobalSection
	GlobalSection(SolutionProperties) = preSolution
		HideSolutionNode = FALSE
	EndGlobalSection
	GlobalSection(ExtensibilityGlobals) = postSolution
		SolutionGuid = {AD4364DF-D917-49E3-BB9F-84A95325BC9B}
	EndGlobalSection
EndGlobal
