
Microsoft Visual Studio Solution File, Format Version 12.00
# Visual Studio 15
VisualStudioVersion = 15.0.28307.960
MinimumVisualStudioVersion = 10.0.40219.1
Project("{FAE04EC0-301F-11D3-BF4B-00C04F79EFBC}") = "Z09_1", "Z09_1\Z09_1.csproj", "{D5D0C1F4-7ACD-4430-97A0-9C6FB0279BE0}"
EndProject
Global
	GlobalSection(SolutionConfigurationPlatforms) = preSolution
		Debug|Any CPU = Debug|Any CPU
		Release|Any CPU = Release|Any CPU
	EndGlobalSection
	GlobalSection(ProjectConfigurationPlatforms) = postSolution
		{D5D0C1F4-7ACD-4430-97A0-9C6FB0279BE0}.Debug|Any CPU.ActiveCfg = Debug|Any CPU
		{D5D0C1F4-7ACD-4430-97A0-9C6FB0279BE0}.Debug|Any CPU.Build.0 = Debug|Any CPU
		{D5D0C1F4-7ACD-4430-97A0-9C6FB0279BE0}.Release|Any CPU.ActiveCfg = Release|Any CPU
		{D5D0C1F4-7ACD-4430-97A0-9C6FB0279BE0}.Release|Any CPU.Build.0 = Release|Any CPU
	EndGlobalSection
	GlobalSection(SolutionProperties) = preSolution
		HideSolutionNode = FALSE
	EndGlobalSection
	GlobalSection(ExtensibilityGlobals) = postSolution
		SolutionGuid = {F8715607-AFAF-4656-AB36-0AB339F48832}
	EndGlobalSection
EndGlobal
