
Microsoft Visual Studio Solution File, Format Version 12.00
# Visual Studio 15
VisualStudioVersion = 15.0.28307.960
MinimumVisualStudioVersion = 10.0.40219.1
Project("{FAE04EC0-301F-11D3-BF4B-00C04F79EFBC}") = "Z07_2_WF", "Z07_2_WF\Z07_2_WF.csproj", "{2B46E000-EA3E-4904-BB3A-2E2BAC363ACF}"
EndProject
Global
	GlobalSection(SolutionConfigurationPlatforms) = preSolution
		Debug|Any CPU = Debug|Any CPU
		Release|Any CPU = Release|Any CPU
	EndGlobalSection
	GlobalSection(ProjectConfigurationPlatforms) = postSolution
		{2B46E000-EA3E-4904-BB3A-2E2BAC363ACF}.Debug|Any CPU.ActiveCfg = Debug|Any CPU
		{2B46E000-EA3E-4904-BB3A-2E2BAC363ACF}.Debug|Any CPU.Build.0 = Debug|Any CPU
		{2B46E000-EA3E-4904-BB3A-2E2BAC363ACF}.Release|Any CPU.ActiveCfg = Release|Any CPU
		{2B46E000-EA3E-4904-BB3A-2E2BAC363ACF}.Release|Any CPU.Build.0 = Release|Any CPU
	EndGlobalSection
	GlobalSection(SolutionProperties) = preSolution
		HideSolutionNode = FALSE
	EndGlobalSection
	GlobalSection(ExtensibilityGlobals) = postSolution
		SolutionGuid = {461F1AAF-F190-4C67-A646-2870AFFC4E88}
	EndGlobalSection
EndGlobal
