
Microsoft Visual Studio Solution File, Format Version 12.00
# Visual Studio 15
VisualStudioVersion = 15.0.28307.960
MinimumVisualStudioVersion = 10.0.40219.1
Project("{FAE04EC0-301F-11D3-BF4B-00C04F79EFBC}") = "Z02_1_WF", "Z02_1_WF\Z02_1_WF.csproj", "{C8F28F8B-8F6C-44C8-B339-93DB2CF31AA2}"
EndProject
Global
	GlobalSection(SolutionConfigurationPlatforms) = preSolution
		Debug|Any CPU = Debug|Any CPU
		Release|Any CPU = Release|Any CPU
	EndGlobalSection
	GlobalSection(ProjectConfigurationPlatforms) = postSolution
		{C8F28F8B-8F6C-44C8-B339-93DB2CF31AA2}.Debug|Any CPU.ActiveCfg = Debug|Any CPU
		{C8F28F8B-8F6C-44C8-B339-93DB2CF31AA2}.Debug|Any CPU.Build.0 = Debug|Any CPU
		{C8F28F8B-8F6C-44C8-B339-93DB2CF31AA2}.Release|Any CPU.ActiveCfg = Release|Any CPU
		{C8F28F8B-8F6C-44C8-B339-93DB2CF31AA2}.Release|Any CPU.Build.0 = Release|Any CPU
	EndGlobalSection
	GlobalSection(SolutionProperties) = preSolution
		HideSolutionNode = FALSE
	EndGlobalSection
	GlobalSection(ExtensibilityGlobals) = postSolution
		SolutionGuid = {54AA7BCE-927F-4BCB-8F57-7CBF38453D2B}
	EndGlobalSection
EndGlobal
