
Microsoft Visual Studio Solution File, Format Version 12.00
# Visual Studio 15
VisualStudioVersion = 15.0.28307.960
MinimumVisualStudioVersion = 10.0.40219.1
Project("{FAE04EC0-301F-11D3-BF4B-00C04F79EFBC}") = "Z06_4", "Z06_4\Z06_4.csproj", "{7B10ABA5-2E97-46E6-B822-A5F808ED9F3C}"
EndProject
Global
	GlobalSection(SolutionConfigurationPlatforms) = preSolution
		Debug|Any CPU = Debug|Any CPU
		Release|Any CPU = Release|Any CPU
	EndGlobalSection
	GlobalSection(ProjectConfigurationPlatforms) = postSolution
		{7B10ABA5-2E97-46E6-B822-A5F808ED9F3C}.Debug|Any CPU.ActiveCfg = Debug|Any CPU
		{7B10ABA5-2E97-46E6-B822-A5F808ED9F3C}.Debug|Any CPU.Build.0 = Debug|Any CPU
		{7B10ABA5-2E97-46E6-B822-A5F808ED9F3C}.Release|Any CPU.ActiveCfg = Release|Any CPU
		{7B10ABA5-2E97-46E6-B822-A5F808ED9F3C}.Release|Any CPU.Build.0 = Release|Any CPU
	EndGlobalSection
	GlobalSection(SolutionProperties) = preSolution
		HideSolutionNode = FALSE
	EndGlobalSection
	GlobalSection(ExtensibilityGlobals) = postSolution
		SolutionGuid = {92CB140C-7266-471A-9B85-67BDAB60D926}
	EndGlobalSection
EndGlobal
